
Microsoft Visual Studio Solution File, Format Version 12.00
# Visual Studio 15
VisualStudioVersion = 15.0.27703.2000
MinimumVisualStudioVersion = 10.0.40219.1
Project("{FAE04EC0-301F-11D3-BF4B-00C04F79EFBC}") = "MQTTtest", "MQTTtest\MQTTtest.csproj", "{42B604C9-7FCB-4E1F-95A7-8250D12DAC0A}"
EndProject
Global
	GlobalSection(SolutionConfigurationPlatforms) = preSolution
		Debug|Any CPU = Debug|Any CPU
		Release|Any CPU = Release|Any CPU
	EndGlobalSection
	GlobalSection(ProjectConfigurationPlatforms) = postSolution
		{42B604C9-7FCB-4E1F-95A7-8250D12DAC0A}.Debug|Any CPU.ActiveCfg = Debug|Any CPU
		{42B604C9-7FCB-4E1F-95A7-8250D12DAC0A}.Debug|Any CPU.Build.0 = Debug|Any CPU
		{42B604C9-7FCB-4E1F-95A7-8250D12DAC0A}.Release|Any CPU.ActiveCfg = Release|Any CPU
		{42B604C9-7FCB-4E1F-95A7-8250D12DAC0A}.Release|Any CPU.Build.0 = Release|Any CPU
	EndGlobalSection
	GlobalSection(SolutionProperties) = preSolution
		HideSolutionNode = FALSE
	EndGlobalSection
	GlobalSection(ExtensibilityGlobals) = postSolution
		SolutionGuid = {5B6B5652-A466-486D-ADCA-35B814E87D1E}
	EndGlobalSection
EndGlobal
